
Microsoft Visual Studio Solution File, Format Version 12.00
# Visual Studio 2012
Project("{FAE04EC0-301F-11D3-BF4B-00C04F79EFBC}") = "kutuphane", "kutuphane\kutuphane.csproj", "{882B3162-8744-44A1-B143-022D81345813}"
EndProject
Global
	GlobalSection(SolutionConfigurationPlatforms) = preSolution
		Debug|Any CPU = Debug|Any CPU
		Release|Any CPU = Release|Any CPU
	EndGlobalSection
	GlobalSection(ProjectConfigurationPlatforms) = postSolution
		{882B3162-8744-44A1-B143-022D81345813}.Debug|Any CPU.ActiveCfg = Debug|Any CPU
		{882B3162-8744-44A1-B143-022D81345813}.Debug|Any CPU.Build.0 = Debug|Any CPU
		{882B3162-8744-44A1-B143-022D81345813}.Release|Any CPU.ActiveCfg = Release|Any CPU
		{882B3162-8744-44A1-B143-022D81345813}.Release|Any CPU.Build.0 = Release|Any CPU
	EndGlobalSection
	GlobalSection(SolutionProperties) = preSolution
		HideSolutionNode = FALSE
	EndGlobalSection
EndGlobal
